
Microsoft Visual Studio Solution File, Format Version 12.00
# Visual Studio 15
VisualStudioVersion = 15.0.27130.2027
MinimumVisualStudioVersion = 10.0.40219.1
Project("{FAE04EC0-301F-11D3-BF4B-00C04F79EFBC}") = "Agency", "Agency\Agency.csproj", "{6144E794-D2C7-4679-B474-A7327E53FD59}"
EndProject
Project("{FAE04EC0-301F-11D3-BF4B-00C04F79EFBC}") = "Agency.Test.Server", "Agency.Test.Server\Agency.Test.Server.csproj", "{4CCC2B8E-546F-4611-BC46-41793FC64E1C}"
EndProject
Project("{FAE04EC0-301F-11D3-BF4B-00C04F79EFBC}") = "Agency.Test.Client", "Agency.Test.Client\Agency.Test.Client.csproj", "{B57AAFC4-607C-4D65-A849-3A88A167D658}"
EndProject
Project("{FAE04EC0-301F-11D3-BF4B-00C04F79EFBC}") = "Agency.DynamiteyDemo", "DynamiteyDemo\Agency.DynamiteyDemo.csproj", "{41423803-08EE-431D-BC7B-6C9793E50C5B}"
EndProject
Project("{FAE04EC0-301F-11D3-BF4B-00C04F79EFBC}") = "LinFu.Delegates", "LinFu.Delegates\LinFu.Delegates\LinFu.Delegates.csproj", "{723E33A7-903C-480C-8220-CF0980A0C36D}"
EndProject
Global
	GlobalSection(SolutionConfigurationPlatforms) = preSolution
		Debug|Any CPU = Debug|Any CPU
		Release|Any CPU = Release|Any CPU
	EndGlobalSection
	GlobalSection(ProjectConfigurationPlatforms) = postSolution
		{6144E794-D2C7-4679-B474-A7327E53FD59}.Debug|Any CPU.ActiveCfg = Debug|Any CPU
		{6144E794-D2C7-4679-B474-A7327E53FD59}.Debug|Any CPU.Build.0 = Debug|Any CPU
		{6144E794-D2C7-4679-B474-A7327E53FD59}.Release|Any CPU.ActiveCfg = Release|Any CPU
		{6144E794-D2C7-4679-B474-A7327E53FD59}.Release|Any CPU.Build.0 = Release|Any CPU
		{4CCC2B8E-546F-4611-BC46-41793FC64E1C}.Debug|Any CPU.ActiveCfg = Debug|Any CPU
		{4CCC2B8E-546F-4611-BC46-41793FC64E1C}.Debug|Any CPU.Build.0 = Debug|Any CPU
		{4CCC2B8E-546F-4611-BC46-41793FC64E1C}.Release|Any CPU.ActiveCfg = Release|Any CPU
		{4CCC2B8E-546F-4611-BC46-41793FC64E1C}.Release|Any CPU.Build.0 = Release|Any CPU
		{B57AAFC4-607C-4D65-A849-3A88A167D658}.Debug|Any CPU.ActiveCfg = Debug|Any CPU
		{B57AAFC4-607C-4D65-A849-3A88A167D658}.Debug|Any CPU.Build.0 = Debug|Any CPU
		{B57AAFC4-607C-4D65-A849-3A88A167D658}.Release|Any CPU.ActiveCfg = Release|Any CPU
		{B57AAFC4-607C-4D65-A849-3A88A167D658}.Release|Any CPU.Build.0 = Release|Any CPU
		{41423803-08EE-431D-BC7B-6C9793E50C5B}.Debug|Any CPU.ActiveCfg = Debug|Any CPU
		{41423803-08EE-431D-BC7B-6C9793E50C5B}.Debug|Any CPU.Build.0 = Debug|Any CPU
		{41423803-08EE-431D-BC7B-6C9793E50C5B}.Release|Any CPU.ActiveCfg = Release|Any CPU
		{41423803-08EE-431D-BC7B-6C9793E50C5B}.Release|Any CPU.Build.0 = Release|Any CPU
		{723E33A7-903C-480C-8220-CF0980A0C36D}.Debug|Any CPU.ActiveCfg = Debug|Any CPU
		{723E33A7-903C-480C-8220-CF0980A0C36D}.Debug|Any CPU.Build.0 = Debug|Any CPU
		{723E33A7-903C-480C-8220-CF0980A0C36D}.Release|Any CPU.ActiveCfg = Release|Any CPU
		{723E33A7-903C-480C-8220-CF0980A0C36D}.Release|Any CPU.Build.0 = Release|Any CPU
	EndGlobalSection
	GlobalSection(SolutionProperties) = preSolution
		HideSolutionNode = FALSE
	EndGlobalSection
	GlobalSection(ExtensibilityGlobals) = postSolution
		SolutionGuid = {3C5E34BE-AB4D-4FA2-B9C4-02BB7F4BA3A4}
	EndGlobalSection
EndGlobal
